
Microsoft Visual Studio Solution File, Format Version 12.00
# Visual Studio Version 17
VisualStudioVersion = 17.5.33516.290
MinimumVisualStudioVersion = 10.0.40219.1
Project("{FAE04EC0-301F-11D3-BF4B-00C04F79EFBC}") = "SpellcheckerTest", "SpellcheckerTest\SpellcheckerTest.csproj", "{4205306C-54CA-4027-A8BB-0D7F3971326A}"
EndProject
Global
	GlobalSection(SolutionConfigurationPlatforms) = preSolution
		Debug|Any CPU = Debug|Any CPU
		Release|Any CPU = Release|Any CPU
	EndGlobalSection
	GlobalSection(ProjectConfigurationPlatforms) = postSolution
		{4205306C-54CA-4027-A8BB-0D7F3971326A}.Debug|Any CPU.ActiveCfg = Debug|Any CPU
		{4205306C-54CA-4027-A8BB-0D7F3971326A}.Debug|Any CPU.Build.0 = Debug|Any CPU
		{4205306C-54CA-4027-A8BB-0D7F3971326A}.Release|Any CPU.ActiveCfg = Release|Any CPU
		{4205306C-54CA-4027-A8BB-0D7F3971326A}.Release|Any CPU.Build.0 = Release|Any CPU
	EndGlobalSection
	GlobalSection(SolutionProperties) = preSolution
		HideSolutionNode = FALSE
	EndGlobalSection
	GlobalSection(ExtensibilityGlobals) = postSolution
		SolutionGuid = {6851F50B-3944-4259-A2B3-5018E2D233B7}
	EndGlobalSection
EndGlobal
